
Microsoft Visual Studio Solution File, Format Version 12.00
# Visual Studio 14
VisualStudioVersion = 14.0.25420.1
MinimumVisualStudioVersion = 10.0.40219.1
Project("{2150E333-8FDC-42A3-9474-1A3956D46DE8}") = "src", "src", "{68EECD76-26E1-4E1E-A25C-F3D214996442}"
EndProject
Project("{2150E333-8FDC-42A3-9474-1A3956D46DE8}") = "Solution Items", "Solution Items", "{FD597E95-8757-4601-8CAD-D672B911A14C}"
	ProjectSection(SolutionItems) = preProject
		global.json = global.json
	EndProjectSection
EndProject
Project("{8BB2217D-0F2D-49D1-97BC-3654ED321F3B}") = "AspTests", "src\AspTests\AspTests.xproj", "{4C32A9C0-CB5A-4904-AD64-6B37089452BF}"
EndProject
Global
	GlobalSection(SolutionConfigurationPlatforms) = preSolution
		Debug|Any CPU = Debug|Any CPU
		Release|Any CPU = Release|Any CPU
	EndGlobalSection
	GlobalSection(ProjectConfigurationPlatforms) = postSolution
		{4C32A9C0-CB5A-4904-AD64-6B37089452BF}.Debug|Any CPU.ActiveCfg = Debug|Any CPU
		{4C32A9C0-CB5A-4904-AD64-6B37089452BF}.Debug|Any CPU.Build.0 = Debug|Any CPU
		{4C32A9C0-CB5A-4904-AD64-6B37089452BF}.Release|Any CPU.ActiveCfg = Release|Any CPU
		{4C32A9C0-CB5A-4904-AD64-6B37089452BF}.Release|Any CPU.Build.0 = Release|Any CPU
	EndGlobalSection
	GlobalSection(SolutionProperties) = preSolution
		HideSolutionNode = FALSE
	EndGlobalSection
	GlobalSection(NestedProjects) = preSolution
		{4C32A9C0-CB5A-4904-AD64-6B37089452BF} = {68EECD76-26E1-4E1E-A25C-F3D214996442}
	EndGlobalSection
EndGlobal
